// !$*UTF8*$!
{
	archiveVersion = 1;
	classes = {
	};
	objectVersion = 46;
	objects = {

/* Begin PBXBuildFile section */
		D3B7658C1CFEBD6300A4B730 /* AppDelegate.swift in Sources */ = {isa = PBXBuildFile; fileRef = D3B7658B1CFEBD6300A4B730 /* AppDelegate.swift */; };
		D3B7658E1CFEBD6300A4B730 /* LoginViewController.swift in Sources */ = {isa = PBXBuildFile; fileRef = D3B7658D1CFEBD6300A4B730 /* LoginViewController.swift */; };
		D3B765911CFEBD6300A4B730 /* Main.storyboard in Resources */ = {isa = PBXBuildFile; fileRef = D3B7658F1CFEBD6300A4B730 /* Main.storyboard */; };
		D3B765931CFEBD6300A4B730 /* Assets.xcassets in Resources */ = {isa = PBXBuildFile; fileRef = D3B765921CFEBD6300A4B730 /* Assets.xcassets */; };
		D3B765961CFEBD6300A4B730 /* LaunchScreen.storyboard in Resources */ = {isa = PBXBuildFile; fileRef = D3B765941CFEBD6300A4B730 /* LaunchScreen.storyboard */; };
		D3B7659E1CFF0B1900A4B730 /* RegisterViewController.swift in Sources */ = {isa = PBXBuildFile; fileRef = D3B7659D1CFF0B1900A4B730 /* RegisterViewController.swift */; };
		D3B765CC1CFF196800A4B730 /* CryptoSwift.framework in Frameworks */ = {isa = PBXBuildFile; fileRef = D3B765BA1CFF17DE00A4B730 /* CryptoSwift.framework */; };
		D3B765CD1CFF196800A4B730 /* CryptoSwift.framework in Embed Frameworks */ = {isa = PBXBuildFile; fileRef = D3B765BA1CFF17DE00A4B730 /* CryptoSwift.framework */; settings = {ATTRIBUTES = (CodeSignOnCopy, RemoveHeadersOnCopy, ); }; };
		D3B765D21CFF3B4000A4B730 /* BackToLogin.swift in Sources */ = {isa = PBXBuildFile; fileRef = D3B765D11CFF3B4000A4B730 /* BackToLogin.swift */; };
		D3B765D91D0412C200A4B730 /* MenuViewController.swift in Sources */ = {isa = PBXBuildFile; fileRef = D3B765D81D0412C200A4B730 /* MenuViewController.swift */; };
/* End PBXBuildFile section */

/* Begin PBXContainerItemProxy section */
		D3B765B91CFF17DE00A4B730 /* PBXContainerItemProxy */ = {
			isa = PBXContainerItemProxy;
			containerPortal = D3B765B11CFF17DD00A4B730 /* CryptoSwift.xcodeproj */;
			proxyType = 2;
			remoteGlobalIDString = 754BE45519693E190098E6F3;
			remoteInfo = "CryptoSwift iOS";
		};
		D3B765BB1CFF17DE00A4B730 /* PBXContainerItemProxy */ = {
			isa = PBXContainerItemProxy;
			containerPortal = D3B765B11CFF17DD00A4B730 /* CryptoSwift.xcodeproj */;
			proxyType = 2;
			remoteGlobalIDString = 5596BDBB1BC8F220007E38D5;
			remoteInfo = "CryptoSwift watchOS";
		};
		D3B765BD1CFF17DE00A4B730 /* PBXContainerItemProxy */ = {
			isa = PBXContainerItemProxy;
			containerPortal = D3B765B11CFF17DD00A4B730 /* CryptoSwift.xcodeproj */;
			proxyType = 2;
			remoteGlobalIDString = 75DF77721BC8EB59006E9520;
			remoteInfo = "CryptoSwift OSX";
		};
		D3B765BF1CFF17DE00A4B730 /* PBXContainerItemProxy */ = {
			isa = PBXContainerItemProxy;
			containerPortal = D3B765B11CFF17DD00A4B730 /* CryptoSwift.xcodeproj */;
			proxyType = 2;
			remoteGlobalIDString = 75D614BF1BD844F2001358B2;
			remoteInfo = "CryptoSwift tvOS";
		};
		D3B765C11CFF17DE00A4B730 /* PBXContainerItemProxy */ = {
			isa = PBXContainerItemProxy;
			containerPortal = D3B765B11CFF17DD00A4B730 /* CryptoSwift.xcodeproj */;
			proxyType = 2;
			remoteGlobalIDString = 754BE46019693E190098E6F3;
			remoteInfo = CryptoSwiftTests;
		};
		D3B765C91CFF195400A4B730 /* PBXContainerItemProxy */ = {
			isa = PBXContainerItemProxy;
			containerPortal = D3B765B11CFF17DD00A4B730 /* CryptoSwift.xcodeproj */;
			proxyType = 1;
			remoteGlobalIDString = 754BE45419693E190098E6F3;
			remoteInfo = "CryptoSwift iOS";
		};
		D3B765CE1CFF196800A4B730 /* PBXContainerItemProxy */ = {
			isa = PBXContainerItemProxy;
			containerPortal = D3B765B11CFF17DD00A4B730 /* CryptoSwift.xcodeproj */;
			proxyType = 1;
			remoteGlobalIDString = 754BE45419693E190098E6F3;
			remoteInfo = "CryptoSwift iOS";
		};
/* End PBXContainerItemProxy section */

/* Begin PBXCopyFilesBuildPhase section */
		D3B765D01CFF196800A4B730 /* Embed Frameworks */ = {
			isa = PBXCopyFilesBuildPhase;
			buildActionMask = 2147483647;
			dstPath = "";
			dstSubfolderSpec = 10;
			files = (
				D3B765CD1CFF196800A4B730 /* CryptoSwift.framework in Embed Frameworks */,
			);
			name = "Embed Frameworks";
			runOnlyForDeploymentPostprocessing = 0;
		};
/* End PBXCopyFilesBuildPhase section */

/* Begin PBXFileReference section */
		D3B765881CFEBD6300A4B730 /* TAW.app */ = {isa = PBXFileReference; explicitFileType = wrapper.application; includeInIndex = 0; path = TAW.app; sourceTree = BUILT_PRODUCTS_DIR; };
		D3B7658B1CFEBD6300A4B730 /* AppDelegate.swift */ = {isa = PBXFileReference; lastKnownFileType = sourcecode.swift; path = AppDelegate.swift; sourceTree = "<group>"; };
		D3B7658D1CFEBD6300A4B730 /* LoginViewController.swift */ = {isa = PBXFileReference; lastKnownFileType = sourcecode.swift; name = LoginViewController.swift; path = TAW/LoginViewController.swift; sourceTree = "<group>"; };
		D3B765901CFEBD6300A4B730 /* Base */ = {isa = PBXFileReference; lastKnownFileType = file.storyboard; name = Base; path = Base.lproj/Main.storyboard; sourceTree = "<group>"; };
		D3B765921CFEBD6300A4B730 /* Assets.xcassets */ = {isa = PBXFileReference; lastKnownFileType = folder.assetcatalog; path = Assets.xcassets; sourceTree = "<group>"; };
		D3B765951CFEBD6300A4B730 /* Base */ = {isa = PBXFileReference; lastKnownFileType = file.storyboard; name = Base; path = Base.lproj/LaunchScreen.storyboard; sourceTree = "<group>"; };
		D3B765971CFEBD6300A4B730 /* Info.plist */ = {isa = PBXFileReference; lastKnownFileType = text.plist.xml; path = Info.plist; sourceTree = "<group>"; };
		D3B7659D1CFF0B1900A4B730 /* RegisterViewController.swift */ = {isa = PBXFileReference; fileEncoding = 4; lastKnownFileType = sourcecode.swift; name = RegisterViewController.swift; path = TAW/RegisterViewController.swift; sourceTree = "<group>"; };
		D3B765B11CFF17DD00A4B730 /* CryptoSwift.xcodeproj */ = {isa = PBXFileReference; lastKnownFileType = "wrapper.pb-project"; name = CryptoSwift.xcodeproj; path = CryptoSwift/CryptoSwift.xcodeproj; sourceTree = "<group>"; };
		D3B765D11CFF3B4000A4B730 /* BackToLogin.swift */ = {isa = PBXFileReference; fileEncoding = 4; lastKnownFileType = sourcecode.swift; path = BackToLogin.swift; sourceTree = "<group>"; };
		D3B765D81D0412C200A4B730 /* MenuViewController.swift */ = {isa = PBXFileReference; fileEncoding = 4; lastKnownFileType = sourcecode.swift; name = MenuViewController.swift; path = TAW/MenuViewController.swift; sourceTree = "<group>"; };
/* End PBXFileReference section */

/* Begin PBXFrameworksBuildPhase section */
		D3B765851CFEBD6300A4B730 /* Frameworks */ = {
			isa = PBXFrameworksBuildPhase;
			buildActionMask = 2147483647;
			files = (
				D3B765CC1CFF196800A4B730 /* CryptoSwift.framework in Frameworks */,
			);
			runOnlyForDeploymentPostprocessing = 0;
		};
/* End PBXFrameworksBuildPhase section */

/* Begin PBXGroup section */
		D3B7657F1CFEBD6300A4B730 = {
			isa = PBXGroup;
			children = (
				D3B7658A1CFEBD6300A4B730 /* TAW */,
				D3B765891CFEBD6300A4B730 /* Products */,
				D3B765B11CFF17DD00A4B730 /* CryptoSwift.xcodeproj */,
			);
			sourceTree = "<group>";
		};
		D3B765891CFEBD6300A4B730 /* Products */ = {
			isa = PBXGroup;
			children = (
				D3B765881CFEBD6300A4B730 /* TAW.app */,
			);
			name = Products;
			sourceTree = "<group>";
		};
		D3B7658A1CFEBD6300A4B730 /* TAW */ = {
			isa = PBXGroup;
			children = (
				D3F730791D06BC8800FFD5BF /* ViewController */,
				D3B7658B1CFEBD6300A4B730 /* AppDelegate.swift */,
				D3B765D11CFF3B4000A4B730 /* BackToLogin.swift */,
				D3B7658F1CFEBD6300A4B730 /* Main.storyboard */,
				D3B765921CFEBD6300A4B730 /* Assets.xcassets */,
				D3B765941CFEBD6300A4B730 /* LaunchScreen.storyboard */,
				D3B765971CFEBD6300A4B730 /* Info.plist */,
			);
			path = TAW;
			sourceTree = "<group>";
		};
		D3B765B21CFF17DD00A4B730 /* Products */ = {
			isa = PBXGroup;
			children = (
				D3B765BA1CFF17DE00A4B730 /* CryptoSwift.framework */,
				D3B765BC1CFF17DE00A4B730 /* CryptoSwift.framework */,
				D3B765BE1CFF17DE00A4B730 /* CryptoSwift.framework */,
				D3B765C01CFF17DE00A4B730 /* CryptoSwift.framework */,
				D3B765C21CFF17DE00A4B730 /* CryptoSwiftTests.xctest */,
			);
			name = Products;
			sourceTree = "<group>";
		};
		D3F730791D06BC8800FFD5BF /* ViewController */ = {
			isa = PBXGroup;
			children = (
				D3B765D81D0412C200A4B730 /* MenuViewController.swift */,
				D3B7658D1CFEBD6300A4B730 /* LoginViewController.swift */,
				D3B7659D1CFF0B1900A4B730 /* RegisterViewController.swift */,
			);
			name = ViewController;
			path = ..;
			sourceTree = "<group>";
		};
/* End PBXGroup section */

/* Begin PBXNativeTarget section */
		D3B765871CFEBD6300A4B730 /* TAW */ = {
			isa = PBXNativeTarget;
			buildConfigurationList = D3B7659A1CFEBD6300A4B730 /* Build configuration list for PBXNativeTarget "TAW" */;
			buildPhases = (
				D3B765841CFEBD6300A4B730 /* Sources */,
				D3B765851CFEBD6300A4B730 /* Frameworks */,
				D3B765861CFEBD6300A4B730 /* Resources */,
				D3B765D01CFF196800A4B730 /* Embed Frameworks */,
			);
			buildRules = (
			);
			dependencies = (
				D3B765CA1CFF195400A4B730 /* PBXTargetDependency */,
				D3B765CF1CFF196800A4B730 /* PBXTargetDependency */,
			);
			name = TAW;
			productName = TAW;
			productReference = D3B765881CFEBD6300A4B730 /* TAW.app */;
			productType = "com.apple.product-type.application";
		};
/* End PBXNativeTarget section */

/* Begin PBXProject section */
		D3B765801CFEBD6300A4B730 /* Project object */ = {
			isa = PBXProject;
			attributes = {
				LastSwiftUpdateCheck = 0730;
				LastUpgradeCheck = 0730;
				ORGANIZATIONNAME = Dark;
				TargetAttributes = {
					D3B765871CFEBD6300A4B730 = {
						CreatedOnToolsVersion = 7.3.1;
						DevelopmentTeam = 563MZSQYP9;
					};
				};
			};
			buildConfigurationList = D3B765831CFEBD6300A4B730 /* Build configuration list for PBXProject "TAW" */;
			compatibilityVersion = "Xcode 3.2";
			developmentRegion = English;
			hasScannedForEncodings = 0;
			knownRegions = (
				en,
				Base,
			);
			mainGroup = D3B7657F1CFEBD6300A4B730;
			productRefGroup = D3B765891CFEBD6300A4B730 /* Products */;
			projectDirPath = "";
			projectReferences = (
				{
					ProductGroup = D3B765B21CFF17DD00A4B730 /* Products */;
					ProjectRef = D3B765B11CFF17DD00A4B730 /* CryptoSwift.xcodeproj */;
				},
			);
			projectRoot = "";
			targets = (
				D3B765871CFEBD6300A4B730 /* TAW */,
			);
		};
/* End PBXProject section */

/* Begin PBXReferenceProxy section */
		D3B765BA1CFF17DE00A4B730 /* CryptoSwift.framework */ = {
			isa = PBXReferenceProxy;
			fileType = wrapper.framework;
			path = CryptoSwift.framework;
			remoteRef = D3B765B91CFF17DE00A4B730 /* PBXContainerItemProxy */;
			sourceTree = BUILT_PRODUCTS_DIR;
		};
		D3B765BC1CFF17DE00A4B730 /* CryptoSwift.framework */ = {
			isa = PBXReferenceProxy;
			fileType = wrapper.framework;
			path = CryptoSwift.framework;
			remoteRef = D3B765BB1CFF17DE00A4B730 /* PBXContainerItemProxy */;
			sourceTree = BUILT_PRODUCTS_DIR;
		};
		D3B765BE1CFF17DE00A4B730 /* CryptoSwift.framework */ = {
			isa = PBXReferenceProxy;
			fileType = wrapper.framework;
			path = CryptoSwift.framework;
			remoteRef = D3B765BD1CFF17DE00A4B730 /* PBXContainerItemProxy */;
			sourceTree = BUILT_PRODUCTS_DIR;
		};
		D3B765C01CFF17DE00A4B730 /* CryptoSwift.framework */ = {
			isa = PBXReferenceProxy;
			fileType = wrapper.framework;
			path = CryptoSwift.framework;
			remoteRef = D3B765BF1CFF17DE00A4B730 /* PBXContainerItemProxy */;
			sourceTree = BUILT_PRODUCTS_DIR;
		};
		D3B765C21CFF17DE00A4B730 /* CryptoSwiftTests.xctest */ = {
			isa = PBXReferenceProxy;
			fileType = wrapper.cfbundle;
			path = CryptoSwiftTests.xctest;
			remoteRef = D3B765C11CFF17DE00A4B730 /* PBXContainerItemProxy */;
			sourceTree = BUILT_PRODUCTS_DIR;
		};
/* End PBXReferenceProxy section */

/* Begin PBXResourcesBuildPhase section */
		D3B765861CFEBD6300A4B730 /* Resources */ = {
			isa = PBXResourcesBuildPhase;
			buildActionMask = 2147483647;
			files = (
				D3B765961CFEBD6300A4B730 /* LaunchScreen.storyboard in Resources */,
				D3B765931CFEBD6300A4B730 /* Assets.xcassets in Resources */,
				D3B765911CFEBD6300A4B730 /* Main.storyboard in Resources */,
			);
			runOnlyForDeploymentPostprocessing = 0;
		};
/* End PBXResourcesBuildPhase section */

/* Begin PBXSourcesBuildPhase section */
		D3B765841CFEBD6300A4B730 /* Sources */ = {
			isa = PBXSourcesBuildPhase;
			buildActionMask = 2147483647;
			files = (
				D3B7659E1CFF0B1900A4B730 /* RegisterViewController.swift in Sources */,
				D3B765D91D0412C200A4B730 /* MenuViewController.swift in Sources */,
				D3B765D21CFF3B4000A4B730 /* BackToLogin.swift in Sources */,
				D3B7658E1CFEBD6300A4B730 /* LoginViewController.swift in Sources */,
				D3B7658C1CFEBD6300A4B730 /* AppDelegate.swift in Sources */,
			);
			runOnlyForDeploymentPostprocessing = 0;
		};
/* End PBXSourcesBuildPhase section */

/* Begin PBXTargetDependency section */
		D3B765CA1CFF195400A4B730 /* PBXTargetDependency */ = {
			isa = PBXTargetDependency;
			name = "CryptoSwift iOS";
			targetProxy = D3B765C91CFF195400A4B730 /* PBXContainerItemProxy */;
		};
		D3B765CF1CFF196800A4B730 /* PBXTargetDependency */ = {
			isa = PBXTargetDependency;
			name = "CryptoSwift iOS";
			targetProxy = D3B765CE1CFF196800A4B730 /* PBXContainerItemProxy */;
		};
/* End PBXTargetDependency section */

/* Begin PBXVariantGroup section */
		D3B7658F1CFEBD6300A4B730 /* Main.storyboard */ = {
			isa = PBXVariantGroup;
			children = (
				D3B765901CFEBD6300A4B730 /* Base */,
			);
			name = Main.storyboard;
			sourceTree = "<group>";
		};
		D3B765941CFEBD6300A4B730 /* LaunchScreen.storyboard */ = {
			isa = PBXVariantGroup;
			children = (
				D3B765951CFEBD6300A4B730 /* Base */,
			);
			name = LaunchScreen.storyboard;
			sourceTree = "<group>";
		};
/* End PBXVariantGroup section */

/* Begin XCBuildConfiguration section */
		D3B765981CFEBD6300A4B730 /* Debug */ = {
			isa = XCBuildConfiguration;
			buildSettings = {
				ALWAYS_SEARCH_USER_PATHS = NO;
				CLANG_ANALYZER_NONNULL = YES;
				CLANG_CXX_LANGUAGE_STANDARD = "gnu++0x";
				CLANG_CXX_LIBRARY = "libc++";
				CLANG_ENABLE_MODULES = YES;
				CLANG_ENABLE_OBJC_ARC = YES;
				CLANG_WARN_BOOL_CONVERSION = YES;
				CLANG_WARN_CONSTANT_CONVERSION = YES;
				CLANG_WARN_DIRECT_OBJC_ISA_USAGE = YES_ERROR;
				CLANG_WARN_EMPTY_BODY = YES;
				CLANG_WARN_ENUM_CONVERSION = YES;
				CLANG_WARN_INT_CONVERSION = YES;
				CLANG_WARN_OBJC_ROOT_CLASS = YES_ERROR;
				CLANG_WARN_UNREACHABLE_CODE = YES;
				CLANG_WARN__DUPLICATE_METHOD_MATCH = YES;
				"CODE_SIGN_IDENTITY[sdk=iphoneos*]" = "iPhone Developer";
				COPY_PHASE_STRIP = NO;
				DEBUG_INFORMATION_FORMAT = dwarf;
				ENABLE_STRICT_OBJC_MSGSEND = YES;
				ENABLE_TESTABILITY = YES;
				GCC_C_LANGUAGE_STANDARD = gnu99;
				GCC_DYNAMIC_NO_PIC = NO;
				GCC_NO_COMMON_BLOCKS = YES;
				GCC_OPTIMIZATION_LEVEL = 0;
				GCC_PREPROCESSOR_DEFINITIONS = (
					"DEBUG=1",
					"$(inherited)",
				);
				GCC_WARN_64_TO_32_BIT_CONVERSION = YES;
				GCC_WARN_ABOUT_RETURN_TYPE = YES_ERROR;
				GCC_WARN_UNDECLARED_SELECTOR = YES;
				GCC_WARN_UNINITIALIZED_AUTOS = YES_AGGRESSIVE;
				GCC_WARN_UNUSED_FUNCTION = YES;
				GCC_WARN_UNUSED_VARIABLE = YES;
				IPHONEOS_DEPLOYMENT_TARGET = 9.3;
				MTL_ENABLE_DEBUG_INFO = YES;
				ONLY_ACTIVE_ARCH = YES;
				SDKROOT = iphoneos;
				SWIFT_OPTIMIZATION_LEVEL = "-Onone";
			};
			name = Debug;
		};
		D3B765991CFEBD6300A4B730 /* Release */ = {
			isa = XCBuildConfiguration;
			buildSettings = {
				ALWAYS_SEARCH_USER_PATHS = NO;
				CLANG_ANALYZER_NONNULL = YES;
				CLANG_CXX_LANGUAGE_STANDARD = "gnu++0x";
				CLANG_CXX_LIBRARY = "libc++";
				CLANG_ENABLE_MODULES = YES;
				CLANG_ENABLE_OBJC_ARC = YES;
				CLANG_WARN_BOOL_CONVERSION = YES;
				CLANG_WARN_CONSTANT_CONVERSION = YES;
				CLANG_WARN_DIRECT_OBJC_ISA_USAGE = YES_ERROR;
				CLANG_WARN_EMPTY_BODY = YES;
				CLANG_WARN_ENUM_CONVERSION = YES;
				CLANG_WARN_INT_CONVERSION = YES;
				CLANG_WARN_OBJC_ROOT_CLASS = YES_ERROR;
				CLANG_WARN_UNREACHABLE_CODE = YES;
				CLANG_WARN__DUPLICATE_METHOD_MATCH = YES;
				"CODE_SIGN_IDENTITY[sdk=iphoneos*]" = "iPhone Developer";
				COPY_PHASE_STRIP = NO;
				DEBUG_INFORMATION_FORMAT = "dwarf-with-dsym";
				ENABLE_NS_ASSERTIONS = NO;
				ENABLE_STRICT_OBJC_MSGSEND = YES;
				GCC_C_LANGUAGE_STANDARD = gnu99;
				GCC_NO_COMMON_BLOCKS = YES;
				GCC_WARN_64_TO_32_BIT_CONVERSION = YES;
				GCC_WARN_ABOUT_RETURN_TYPE = YES_ERROR;
				GCC_WARN_UNDECLARED_SELECTOR = YES;
				GCC_WARN_UNINITIALIZED_AUTOS = YES_AGGRESSIVE;
				GCC_WARN_UNUSED_FUNCTION = YES;
				GCC_WARN_UNUSED_VARIABLE = YES;
				IPHONEOS_DEPLOYMENT_TARGET = 9.3;
				MTL_ENABLE_DEBUG_INFO = NO;
				SDKROOT = iphoneos;
				VALIDATE_PRODUCT = YES;
			};
			name = Release;
		};
		D3B7659B1CFEBD6300A4B730 /* Debug */ = {
			isa = XCBuildConfiguration;
			buildSettings = {
				ASSETCATALOG_COMPILER_APPICON_NAME = AppIcon;
				CODE_SIGN_IDENTITY = "iPhone Developer";
				EMBEDDED_CONTENT_CONTAINS_SWIFT = YES;
				INFOPLIST_FILE = TAW/Info.plist;
				LD_RUNPATH_SEARCH_PATHS = "$(inherited) @executable_path/Frameworks";
				PRODUCT_BUNDLE_IDENTIFIER = Dark.TAW;
				PRODUCT_NAME = "$(TARGET_NAME)";
			};
			name = Debug;
		};
		D3B7659C1CFEBD6300A4B730 /* Release */ = {
			isa = XCBuildConfiguration;
			buildSettings = {
				ASSETCATALOG_COMPILER_APPICON_NAME = AppIcon;
				CODE_SIGN_IDENTITY = "iPhone Developer";
				EMBEDDED_CONTENT_CONTAINS_SWIFT = YES;
				INFOPLIST_FILE = TAW/Info.plist;
				LD_RUNPATH_SEARCH_PATHS = "$(inherited) @executable_path/Frameworks";
				PRODUCT_BUNDLE_IDENTIFIER = Dark.TAW;
				PRODUCT_NAME = "$(TARGET_NAME)";
			};
			name = Release;
		};
/* End XCBuildConfiguration section */

/* Begin XCConfigurationList section */
		D3B765831CFEBD6300A4B730 /* Build configuration list for PBXProject "TAW" */ = {
			isa = XCConfigurationList;
			buildConfigurations = (
				D3B765981CFEBD6300A4B730 /* Debug */,
				D3B765991CFEBD6300A4B730 /* Release */,
			);
			defaultConfigurationIsVisible = 0;
			defaultConfigurationName = Release;
		};
		D3B7659A1CFEBD6300A4B730 /* Build configuration list for PBXNativeTarget "TAW" */ = {
			isa = XCConfigurationList;
			buildConfigurations = (
				D3B7659B1CFEBD6300A4B730 /* Debug */,
				D3B7659C1CFEBD6300A4B730 /* Release */,
			);
			defaultConfigurationIsVisible = 0;
			defaultConfigurationName = Release;
		};
/* End XCConfigurationList section */
	};
	rootObject = D3B765801CFEBD6300A4B730 /* Project object */;
}
